
Microsoft Visual Studio Solution File, Format Version 12.00
# Visual Studio Version 16
VisualStudioVersion = 16.0.31129.286
MinimumVisualStudioVersion = 10.0.40219.1
Project("{FAE04EC0-301F-11D3-BF4B-00C04F79EFBC}") = "MapForms.Android", "MapForms\MapForms.Android\MapForms.Android.csproj", "{A2A2E367-7D24-4878-BD82-F247963B2C43}"
EndProject
Project("{FAE04EC0-301F-11D3-BF4B-00C04F79EFBC}") = "MapForms.iOS", "MapForms\MapForms.iOS\MapForms.iOS.csproj", "{9CDE3593-4F1B-49C8-8DA1-1160C9FDCCEB}"
EndProject
Project("{FAE04EC0-301F-11D3-BF4B-00C04F79EFBC}") = "MapForms", "MapForms\MapForms\MapForms.csproj", "{94A48B36-68D2-4B6B-9488-FF7722D05CDA}"
EndProject
Project("{FAE04EC0-301F-11D3-BF4B-00C04F79EFBC}") = "MapForms.WebAPI", "MapForms.WebAPI\MapForms.WebAPI.csproj", "{3FF87BCF-1344-4ED6-9A07-55ABF2FD14C1}"
EndProject
Project("{FAE04EC0-301F-11D3-BF4B-00C04F79EFBC}") = "MapForms.Models", "MapForms.Models\MapForms.Models.csproj", "{96D83B0C-860B-48ED-9B35-FE2C19A7CD57}"
EndProject
Project("{FAE04EC0-301F-11D3-BF4B-00C04F79EFBC}") = "MapForms.DataAccess", "MapForms.DataAccess\MapForms.DataAccess.csproj", "{374B0059-8FD7-44D7-9759-E2789C2F0AC0}"
EndProject
Project("{FAE04EC0-301F-11D3-BF4B-00C04F79EFBC}") = "MapForms.Driver.Android", "MapForms.Driver\MapForms.Driver.Android\MapForms.Driver.Android.csproj", "{91C93239-8F5F-42A7-BC9C-D69EAFA9997A}"
EndProject
Project("{FAE04EC0-301F-11D3-BF4B-00C04F79EFBC}") = "MapForms.Driver.iOS", "MapForms.Driver\MapForms.Driver.iOS\MapForms.Driver.iOS.csproj", "{75E478A7-9EDA-4546-8F68-134BDA810244}"
EndProject
Project("{FAE04EC0-301F-11D3-BF4B-00C04F79EFBC}") = "MapForms.Driver", "MapForms.Driver\MapForms.Driver\MapForms.Driver.csproj", "{A7EA472D-7724-4C7E-8299-DF3BDC36BDF2}"
EndProject
Global
	GlobalSection(SolutionConfigurationPlatforms) = preSolution
		Debug|Any CPU = Debug|Any CPU
		Debug|iPhone = Debug|iPhone
		Debug|iPhoneSimulator = Debug|iPhoneSimulator
		Release|Any CPU = Release|Any CPU
		Release|iPhone = Release|iPhone
		Release|iPhoneSimulator = Release|iPhoneSimulator
	EndGlobalSection
	GlobalSection(ProjectConfigurationPlatforms) = postSolution
		{A2A2E367-7D24-4878-BD82-F247963B2C43}.Debug|Any CPU.ActiveCfg = Debug|Any CPU
		{A2A2E367-7D24-4878-BD82-F247963B2C43}.Debug|Any CPU.Build.0 = Debug|Any CPU
		{A2A2E367-7D24-4878-BD82-F247963B2C43}.Debug|Any CPU.Deploy.0 = Debug|Any CPU
		{A2A2E367-7D24-4878-BD82-F247963B2C43}.Debug|iPhone.ActiveCfg = Debug|Any CPU
		{A2A2E367-7D24-4878-BD82-F247963B2C43}.Debug|iPhone.Build.0 = Debug|Any CPU
		{A2A2E367-7D24-4878-BD82-F247963B2C43}.Debug|iPhone.Deploy.0 = Debug|Any CPU
		{A2A2E367-7D24-4878-BD82-F247963B2C43}.Debug|iPhoneSimulator.ActiveCfg = Debug|Any CPU
		{A2A2E367-7D24-4878-BD82-F247963B2C43}.Debug|iPhoneSimulator.Build.0 = Debug|Any CPU
		{A2A2E367-7D24-4878-BD82-F247963B2C43}.Debug|iPhoneSimulator.Deploy.0 = Debug|Any CPU
		{A2A2E367-7D24-4878-BD82-F247963B2C43}.Release|Any CPU.ActiveCfg = Release|Any CPU
		{A2A2E367-7D24-4878-BD82-F247963B2C43}.Release|Any CPU.Build.0 = Release|Any CPU
		{A2A2E367-7D24-4878-BD82-F247963B2C43}.Release|Any CPU.Deploy.0 = Release|Any CPU
		{A2A2E367-7D24-4878-BD82-F247963B2C43}.Release|iPhone.ActiveCfg = Release|Any CPU
		{A2A2E367-7D24-4878-BD82-F247963B2C43}.Release|iPhone.Build.0 = Release|Any CPU
		{A2A2E367-7D24-4878-BD82-F247963B2C43}.Release|iPhone.Deploy.0 = Release|Any CPU
		{A2A2E367-7D24-4878-BD82-F247963B2C43}.Release|iPhoneSimulator.ActiveCfg = Release|Any CPU
		{A2A2E367-7D24-4878-BD82-F247963B2C43}.Release|iPhoneSimulator.Build.0 = Release|Any CPU
		{A2A2E367-7D24-4878-BD82-F247963B2C43}.Release|iPhoneSimulator.Deploy.0 = Release|Any CPU
		{9CDE3593-4F1B-49C8-8DA1-1160C9FDCCEB}.Debug|Any CPU.ActiveCfg = Debug|iPhone
		{9CDE3593-4F1B-49C8-8DA1-1160C9FDCCEB}.Debug|Any CPU.Build.0 = Debug|iPhone
		{9CDE3593-4F1B-49C8-8DA1-1160C9FDCCEB}.Debug|Any CPU.Deploy.0 = Debug|iPhone
		{9CDE3593-4F1B-49C8-8DA1-1160C9FDCCEB}.Debug|iPhone.ActiveCfg = Debug|iPhone
		{9CDE3593-4F1B-49C8-8DA1-1160C9FDCCEB}.Debug|iPhone.Build.0 = Debug|iPhone
		{9CDE3593-4F1B-49C8-8DA1-1160C9FDCCEB}.Debug|iPhone.Deploy.0 = Debug|iPhone
		{9CDE3593-4F1B-49C8-8DA1-1160C9FDCCEB}.Debug|iPhoneSimulator.ActiveCfg = Debug|iPhoneSimulator
		{9CDE3593-4F1B-49C8-8DA1-1160C9FDCCEB}.Debug|iPhoneSimulator.Build.0 = Debug|iPhoneSimulator
		{9CDE3593-4F1B-49C8-8DA1-1160C9FDCCEB}.Debug|iPhoneSimulator.Deploy.0 = Debug|iPhoneSimulator
		{9CDE3593-4F1B-49C8-8DA1-1160C9FDCCEB}.Release|Any CPU.ActiveCfg = Release|iPhoneSimulator
		{9CDE3593-4F1B-49C8-8DA1-1160C9FDCCEB}.Release|Any CPU.Build.0 = Release|iPhoneSimulator
		{9CDE3593-4F1B-49C8-8DA1-1160C9FDCCEB}.Release|Any CPU.Deploy.0 = Release|iPhoneSimulator
		{9CDE3593-4F1B-49C8-8DA1-1160C9FDCCEB}.Release|iPhone.ActiveCfg = Release|iPhone
		{9CDE3593-4F1B-49C8-8DA1-1160C9FDCCEB}.Release|iPhone.Build.0 = Release|iPhone
		{9CDE3593-4F1B-49C8-8DA1-1160C9FDCCEB}.Release|iPhone.Deploy.0 = Release|iPhone
		{9CDE3593-4F1B-49C8-8DA1-1160C9FDCCEB}.Release|iPhoneSimulator.ActiveCfg = Release|iPhoneSimulator
		{9CDE3593-4F1B-49C8-8DA1-1160C9FDCCEB}.Release|iPhoneSimulator.Build.0 = Release|iPhoneSimulator
		{9CDE3593-4F1B-49C8-8DA1-1160C9FDCCEB}.Release|iPhoneSimulator.Deploy.0 = Release|iPhoneSimulator
		{94A48B36-68D2-4B6B-9488-FF7722D05CDA}.Debug|Any CPU.ActiveCfg = Debug|Any CPU
		{94A48B36-68D2-4B6B-9488-FF7722D05CDA}.Debug|Any CPU.Build.0 = Debug|Any CPU
		{94A48B36-68D2-4B6B-9488-FF7722D05CDA}.Debug|Any CPU.Deploy.0 = Debug|Any CPU
		{94A48B36-68D2-4B6B-9488-FF7722D05CDA}.Debug|iPhone.ActiveCfg = Debug|Any CPU
		{94A48B36-68D2-4B6B-9488-FF7722D05CDA}.Debug|iPhone.Build.0 = Debug|Any CPU
		{94A48B36-68D2-4B6B-9488-FF7722D05CDA}.Debug|iPhone.Deploy.0 = Debug|Any CPU
		{94A48B36-68D2-4B6B-9488-FF7722D05CDA}.Debug|iPhoneSimulator.ActiveCfg = Debug|Any CPU
		{94A48B36-68D2-4B6B-9488-FF7722D05CDA}.Debug|iPhoneSimulator.Build.0 = Debug|Any CPU
		{94A48B36-68D2-4B6B-9488-FF7722D05CDA}.Debug|iPhoneSimulator.Deploy.0 = Debug|Any CPU
		{94A48B36-68D2-4B6B-9488-FF7722D05CDA}.Release|Any CPU.ActiveCfg = Release|Any CPU
		{94A48B36-68D2-4B6B-9488-FF7722D05CDA}.Release|Any CPU.Build.0 = Release|Any CPU
		{94A48B36-68D2-4B6B-9488-FF7722D05CDA}.Release|Any CPU.Deploy.0 = Release|Any CPU
		{94A48B36-68D2-4B6B-9488-FF7722D05CDA}.Release|iPhone.ActiveCfg = Release|Any CPU
		{94A48B36-68D2-4B6B-9488-FF7722D05CDA}.Release|iPhone.Build.0 = Release|Any CPU
		{94A48B36-68D2-4B6B-9488-FF7722D05CDA}.Release|iPhone.Deploy.0 = Release|Any CPU
		{94A48B36-68D2-4B6B-9488-FF7722D05CDA}.Release|iPhoneSimulator.ActiveCfg = Release|Any CPU
		{94A48B36-68D2-4B6B-9488-FF7722D05CDA}.Release|iPhoneSimulator.Build.0 = Release|Any CPU
		{94A48B36-68D2-4B6B-9488-FF7722D05CDA}.Release|iPhoneSimulator.Deploy.0 = Release|Any CPU
		{3FF87BCF-1344-4ED6-9A07-55ABF2FD14C1}.Debug|Any CPU.ActiveCfg = Debug|Any CPU
		{3FF87BCF-1344-4ED6-9A07-55ABF2FD14C1}.Debug|Any CPU.Build.0 = Debug|Any CPU
		{3FF87BCF-1344-4ED6-9A07-55ABF2FD14C1}.Debug|iPhone.ActiveCfg = Debug|Any CPU
		{3FF87BCF-1344-4ED6-9A07-55ABF2FD14C1}.Debug|iPhone.Build.0 = Debug|Any CPU
		{3FF87BCF-1344-4ED6-9A07-55ABF2FD14C1}.Debug|iPhoneSimulator.ActiveCfg = Debug|Any CPU
		{3FF87BCF-1344-4ED6-9A07-55ABF2FD14C1}.Debug|iPhoneSimulator.Build.0 = Debug|Any CPU
		{3FF87BCF-1344-4ED6-9A07-55ABF2FD14C1}.Release|Any CPU.ActiveCfg = Release|Any CPU
		{3FF87BCF-1344-4ED6-9A07-55ABF2FD14C1}.Release|Any CPU.Build.0 = Release|Any CPU
		{3FF87BCF-1344-4ED6-9A07-55ABF2FD14C1}.Release|iPhone.ActiveCfg = Release|Any CPU
		{3FF87BCF-1344-4ED6-9A07-55ABF2FD14C1}.Release|iPhone.Build.0 = Release|Any CPU
		{3FF87BCF-1344-4ED6-9A07-55ABF2FD14C1}.Release|iPhoneSimulator.ActiveCfg = Release|Any CPU
		{3FF87BCF-1344-4ED6-9A07-55ABF2FD14C1}.Release|iPhoneSimulator.Build.0 = Release|Any CPU
		{96D83B0C-860B-48ED-9B35-FE2C19A7CD57}.Debug|Any CPU.ActiveCfg = Debug|Any CPU
		{96D83B0C-860B-48ED-9B35-FE2C19A7CD57}.Debug|Any CPU.Build.0 = Debug|Any CPU
		{96D83B0C-860B-48ED-9B35-FE2C19A7CD57}.Debug|iPhone.ActiveCfg = Debug|Any CPU
		{96D83B0C-860B-48ED-9B35-FE2C19A7CD57}.Debug|iPhone.Build.0 = Debug|Any CPU
		{96D83B0C-860B-48ED-9B35-FE2C19A7CD57}.Debug|iPhoneSimulator.ActiveCfg = Debug|Any CPU
		{96D83B0C-860B-48ED-9B35-FE2C19A7CD57}.Debug|iPhoneSimulator.Build.0 = Debug|Any CPU
		{96D83B0C-860B-48ED-9B35-FE2C19A7CD57}.Release|Any CPU.ActiveCfg = Release|Any CPU
		{96D83B0C-860B-48ED-9B35-FE2C19A7CD57}.Release|Any CPU.Build.0 = Release|Any CPU
		{96D83B0C-860B-48ED-9B35-FE2C19A7CD57}.Release|iPhone.ActiveCfg = Release|Any CPU
		{96D83B0C-860B-48ED-9B35-FE2C19A7CD57}.Release|iPhone.Build.0 = Release|Any CPU
		{96D83B0C-860B-48ED-9B35-FE2C19A7CD57}.Release|iPhoneSimulator.ActiveCfg = Release|Any CPU
		{96D83B0C-860B-48ED-9B35-FE2C19A7CD57}.Release|iPhoneSimulator.Build.0 = Release|Any CPU
		{374B0059-8FD7-44D7-9759-E2789C2F0AC0}.Debug|Any CPU.ActiveCfg = Debug|Any CPU
		{374B0059-8FD7-44D7-9759-E2789C2F0AC0}.Debug|Any CPU.Build.0 = Debug|Any CPU
		{374B0059-8FD7-44D7-9759-E2789C2F0AC0}.Debug|iPhone.ActiveCfg = Debug|Any CPU
		{374B0059-8FD7-44D7-9759-E2789C2F0AC0}.Debug|iPhone.Build.0 = Debug|Any CPU
		{374B0059-8FD7-44D7-9759-E2789C2F0AC0}.Debug|iPhoneSimulator.ActiveCfg = Debug|Any CPU
		{374B0059-8FD7-44D7-9759-E2789C2F0AC0}.Debug|iPhoneSimulator.Build.0 = Debug|Any CPU
		{374B0059-8FD7-44D7-9759-E2789C2F0AC0}.Release|Any CPU.ActiveCfg = Release|Any CPU
		{374B0059-8FD7-44D7-9759-E2789C2F0AC0}.Release|Any CPU.Build.0 = Release|Any CPU
		{374B0059-8FD7-44D7-9759-E2789C2F0AC0}.Release|iPhone.ActiveCfg = Release|Any CPU
		{374B0059-8FD7-44D7-9759-E2789C2F0AC0}.Release|iPhone.Build.0 = Release|Any CPU
		{374B0059-8FD7-44D7-9759-E2789C2F0AC0}.Release|iPhoneSimulator.ActiveCfg = Release|Any CPU
		{374B0059-8FD7-44D7-9759-E2789C2F0AC0}.Release|iPhoneSimulator.Build.0 = Release|Any CPU
		{91C93239-8F5F-42A7-BC9C-D69EAFA9997A}.Debug|Any CPU.ActiveCfg = Debug|Any CPU
		{91C93239-8F5F-42A7-BC9C-D69EAFA9997A}.Debug|Any CPU.Build.0 = Debug|Any CPU
		{91C93239-8F5F-42A7-BC9C-D69EAFA9997A}.Debug|Any CPU.Deploy.0 = Debug|Any CPU
		{91C93239-8F5F-42A7-BC9C-D69EAFA9997A}.Debug|iPhone.ActiveCfg = Debug|Any CPU
		{91C93239-8F5F-42A7-BC9C-D69EAFA9997A}.Debug|iPhone.Build.0 = Debug|Any CPU
		{91C93239-8F5F-42A7-BC9C-D69EAFA9997A}.Debug|iPhone.Deploy.0 = Debug|Any CPU
		{91C93239-8F5F-42A7-BC9C-D69EAFA9997A}.Debug|iPhoneSimulator.ActiveCfg = Debug|Any CPU
		{91C93239-8F5F-42A7-BC9C-D69EAFA9997A}.Debug|iPhoneSimulator.Build.0 = Debug|Any CPU
		{91C93239-8F5F-42A7-BC9C-D69EAFA9997A}.Debug|iPhoneSimulator.Deploy.0 = Debug|Any CPU
		{91C93239-8F5F-42A7-BC9C-D69EAFA9997A}.Release|Any CPU.ActiveCfg = Release|Any CPU
		{91C93239-8F5F-42A7-BC9C-D69EAFA9997A}.Release|Any CPU.Build.0 = Release|Any CPU
		{91C93239-8F5F-42A7-BC9C-D69EAFA9997A}.Release|Any CPU.Deploy.0 = Release|Any CPU
		{91C93239-8F5F-42A7-BC9C-D69EAFA9997A}.Release|iPhone.ActiveCfg = Release|Any CPU
		{91C93239-8F5F-42A7-BC9C-D69EAFA9997A}.Release|iPhone.Build.0 = Release|Any CPU
		{91C93239-8F5F-42A7-BC9C-D69EAFA9997A}.Release|iPhone.Deploy.0 = Release|Any CPU
		{91C93239-8F5F-42A7-BC9C-D69EAFA9997A}.Release|iPhoneSimulator.ActiveCfg = Release|Any CPU
		{91C93239-8F5F-42A7-BC9C-D69EAFA9997A}.Release|iPhoneSimulator.Build.0 = Release|Any CPU
		{91C93239-8F5F-42A7-BC9C-D69EAFA9997A}.Release|iPhoneSimulator.Deploy.0 = Release|Any CPU
		{75E478A7-9EDA-4546-8F68-134BDA810244}.Debug|Any CPU.ActiveCfg = Debug|iPhoneSimulator
		{75E478A7-9EDA-4546-8F68-134BDA810244}.Debug|iPhone.ActiveCfg = Debug|iPhone
		{75E478A7-9EDA-4546-8F68-134BDA810244}.Debug|iPhone.Build.0 = Debug|iPhone
		{75E478A7-9EDA-4546-8F68-134BDA810244}.Debug|iPhoneSimulator.ActiveCfg = Debug|iPhoneSimulator
		{75E478A7-9EDA-4546-8F68-134BDA810244}.Debug|iPhoneSimulator.Build.0 = Debug|iPhoneSimulator
		{75E478A7-9EDA-4546-8F68-134BDA810244}.Release|Any CPU.ActiveCfg = Release|iPhoneSimulator
		{75E478A7-9EDA-4546-8F68-134BDA810244}.Release|iPhone.ActiveCfg = Release|iPhone
		{75E478A7-9EDA-4546-8F68-134BDA810244}.Release|iPhone.Build.0 = Release|iPhone
		{75E478A7-9EDA-4546-8F68-134BDA810244}.Release|iPhoneSimulator.ActiveCfg = Release|iPhoneSimulator
		{75E478A7-9EDA-4546-8F68-134BDA810244}.Release|iPhoneSimulator.Build.0 = Release|iPhoneSimulator
		{A7EA472D-7724-4C7E-8299-DF3BDC36BDF2}.Debug|Any CPU.ActiveCfg = Debug|Any CPU
		{A7EA472D-7724-4C7E-8299-DF3BDC36BDF2}.Debug|Any CPU.Build.0 = Debug|Any CPU
		{A7EA472D-7724-4C7E-8299-DF3BDC36BDF2}.Debug|iPhone.ActiveCfg = Debug|Any CPU
		{A7EA472D-7724-4C7E-8299-DF3BDC36BDF2}.Debug|iPhone.Build.0 = Debug|Any CPU
		{A7EA472D-7724-4C7E-8299-DF3BDC36BDF2}.Debug|iPhoneSimulator.ActiveCfg = Debug|Any CPU
		{A7EA472D-7724-4C7E-8299-DF3BDC36BDF2}.Debug|iPhoneSimulator.Build.0 = Debug|Any CPU
		{A7EA472D-7724-4C7E-8299-DF3BDC36BDF2}.Release|Any CPU.ActiveCfg = Release|Any CPU
		{A7EA472D-7724-4C7E-8299-DF3BDC36BDF2}.Release|Any CPU.Build.0 = Release|Any CPU
		{A7EA472D-7724-4C7E-8299-DF3BDC36BDF2}.Release|iPhone.ActiveCfg = Release|Any CPU
		{A7EA472D-7724-4C7E-8299-DF3BDC36BDF2}.Release|iPhone.Build.0 = Release|Any CPU
		{A7EA472D-7724-4C7E-8299-DF3BDC36BDF2}.Release|iPhoneSimulator.ActiveCfg = Release|Any CPU
		{A7EA472D-7724-4C7E-8299-DF3BDC36BDF2}.Release|iPhoneSimulator.Build.0 = Release|Any CPU
	EndGlobalSection
	GlobalSection(SolutionProperties) = preSolution
		HideSolutionNode = FALSE
	EndGlobalSection
	GlobalSection(ExtensibilityGlobals) = postSolution
		SolutionGuid = {080C4ABD-D77E-4281-87C1-F19E364A4CE6}
	EndGlobalSection
EndGlobal
